
Microsoft Visual Studio Solution File, Format Version 12.00
# Visual Studio Version 17
VisualStudioVersion = 17.8.34330.188
MinimumVisualStudioVersion = 10.0.40219.1
Project("{2150E333-8FDC-42A3-9474-1A3956D46DE8}") = "05-Virtual-Keyword", "05-Virtual-Keyword", "{E2B3A1DE-18B0-4334-9346-6B1A4661648B}"
EndProject
Project("{2150E333-8FDC-42A3-9474-1A3956D46DE8}") = "06-Parameter-Types", "06-Parameter-Types", "{12D3C1EC-10FF-4AD3-828C-EEDC13F51E11}"
EndProject
Project("{2150E333-8FDC-42A3-9474-1A3956D46DE8}") = "07-Generics", "07-Generics", "{C8862840-10A5-4EDB-B1F0-17075BAC54FC}"
EndProject
Project("{9A19103F-16F7-4668-BE54-9A1E7A4F7556}") = "Virtual-Keyword", "Virtual-Keyword\Virtual-Keyword.csproj", "{B29708D2-471D-4195-8A5F-1B9DA685B867}"
EndProject
Project("{9A19103F-16F7-4668-BE54-9A1E7A4F7556}") = "Parameter-Types", "Parameter-Types\Parameter-Types.csproj", "{397A21F5-5C97-42EC-AB15-41FADCFF4859}"
EndProject
Project("{9A19103F-16F7-4668-BE54-9A1E7A4F7556}") = "Generics", "Generics\Generics.csproj", "{E0D03E8A-A4A0-4073-8E8A-BDE5AEDD9EEE}"
EndProject
Project("{2150E333-8FDC-42A3-9474-1A3956D46DE8}") = "08-FileIO", "08-FileIO", "{0C89B3FF-E2D4-4CD8-9CC4-4EF4E1FE94B9}"
EndProject
Project("{9A19103F-16F7-4668-BE54-9A1E7A4F7556}") = "FileIO", "FileIO\FileIO.csproj", "{D37591BD-0EAB-4523-A063-1D58D14E2A03}"
EndProject
Project("{2150E333-8FDC-42A3-9474-1A3956D46DE8}") = "09-ValueTypes-and-ReferenceTypes", "09-ValueTypes-and-ReferenceTypes", "{A3C3BEB3-F87D-4608-BF0D-C28C3EE992D5}"
EndProject
Project("{9A19103F-16F7-4668-BE54-9A1E7A4F7556}") = "ValueAndReferenceTypes", "ValueAndReferenceTypes\ValueAndReferenceTypes.csproj", "{349B1476-6058-4FD3-AB5C-024BEC5C6E31}"
EndProject
Project("{2150E333-8FDC-42A3-9474-1A3956D46DE8}") = "10-Out-keyword", "10-Out-keyword", "{2F2A55A5-2EEE-4A64-8961-9A51B8ACC0FB}"
EndProject
Project("{9A19103F-16F7-4668-BE54-9A1E7A4F7556}") = "Out-Keyword", "Out-Keyword\Out-Keyword.csproj", "{71B3CDE6-776D-4EA7-8E27-FF922ED2E4A0}"
EndProject
Project("{2150E333-8FDC-42A3-9474-1A3956D46DE8}") = "11-Interfaces", "11-Interfaces", "{9CB5E7A0-EF59-4A30-807A-E59ACCE1BCEF}"
EndProject
Project("{9A19103F-16F7-4668-BE54-9A1E7A4F7556}") = "Interfaces", "Interfaces\Interfaces.csproj", "{55D0C07D-9DDF-4C55-B1D2-75A445F1D685}"
EndProject
Project("{2150E333-8FDC-42A3-9474-1A3956D46DE8}") = "12-Casting-and-typeConversion", "12-Casting-and-typeConversion", "{8192E07B-9A63-4861-B780-5A94E79DBF0A}"
EndProject
Project("{9A19103F-16F7-4668-BE54-9A1E7A4F7556}") = "Casting-TypeConversion", "Casting-TypeConversion\Casting-TypeConversion.csproj", "{393AA4EF-3436-486C-ACE1-5B308ECB7C7C}"
EndProject
Project("{2150E333-8FDC-42A3-9474-1A3956D46DE8}") = "13-Collections", "13-Collections", "{3E401323-40B1-4760-A2CD-8F653396C08F}"
EndProject
Project("{9A19103F-16F7-4668-BE54-9A1E7A4F7556}") = "Collections", "Collections\Collections.csproj", "{BA9DA09D-F1FC-46B3-BC14-BDD151253A7E}"
EndProject
Project("{2150E333-8FDC-42A3-9474-1A3956D46DE8}") = "14-Object-Oriented-programming", "14-Object-Oriented-programming", "{8D3AD3EB-01D3-4A2C-A07A-FED3D48AAF07}"
EndProject
Project("{9A19103F-16F7-4668-BE54-9A1E7A4F7556}") = "OOP-Classes", "OOP-Classes\OOP-Classes.csproj", "{13C07D29-9994-4368-B372-9CF744BDD7FA}"
EndProject
Project("{2150E333-8FDC-42A3-9474-1A3956D46DE8}") = "Polymorphism", "Polymorphism", "{649B3F1E-80EC-440B-8820-ACC7F05B015F}"
EndProject
Project("{2150E333-8FDC-42A3-9474-1A3956D46DE8}") = "Classes", "Classes", "{6B900ACF-DB6F-4D0F-BE28-2E23A19CF863}"
EndProject
Project("{9A19103F-16F7-4668-BE54-9A1E7A4F7556}") = "Polymorphism", "OOP-Polymorphism\Polymorphism\Polymorphism.csproj", "{15E3C477-DAA0-4326-A8FA-06EAA7967AA1}"
EndProject
Project("{2150E333-8FDC-42A3-9474-1A3956D46DE8}") = "Encapsulation", "Encapsulation", "{C9ACF77A-2ED5-46EF-8FD3-2FD4A233E367}"
EndProject
Project("{9A19103F-16F7-4668-BE54-9A1E7A4F7556}") = "OOP-Encapsulation", "OOP-Encapsulation\OOP-Encapsulation.csproj", "{9D01A635-41AC-4E72-9338-05E4733783EB}"
EndProject
Project("{2150E333-8FDC-42A3-9474-1A3956D46DE8}") = "15-CustomExceptions", "15-CustomExceptions", "{CBD1B27E-DEE3-4D18-BD59-70ECFED55622}"
EndProject
Project("{9A19103F-16F7-4668-BE54-9A1E7A4F7556}") = "CustomException", "CustomException\CustomException.csproj", "{D5844872-3F30-45FD-9F6E-ABF9AAAAA4AE}"
EndProject
Project("{FAE04EC0-301F-11D3-BF4B-00C04F79EFBC}") = "16-RepositoryPattern", "16-RepositoryPattern\16-RepositoryPattern.csproj", "{4FFE5EB3-7A52-4BB5-A05C-6998F05E408A}"
EndProject
Project("{FAE04EC0-301F-11D3-BF4B-00C04F79EFBC}") = "01-L-Classes", "01-LClasses\01-L-Classes.csproj", "{4B79EDCD-FB92-4CCB-AD9B-D714B40E4305}"
EndProject
Project("{FAE04EC0-301F-11D3-BF4B-00C04F79EFBC}") = "02-L-Operators", "02-LOperators\02-L-Operators.csproj", "{BBBCB85B-94CE-457A-9062-27296C3E1BE5}"
EndProject
Project("{FAE04EC0-301F-11D3-BF4B-00C04F79EFBC}") = "03-L-Acces-Modifiers", "03-L-Acces-Modifiers\03-L-Acces-Modifiers.csproj", "{C3E28B0E-C65F-46E6-9F98-06D16D1004E3}"
EndProject
Project("{FAE04EC0-301F-11D3-BF4B-00C04F79EFBC}") = "04-L-Assemblies", "04-L-Assemblies\04-L-Assemblies.csproj", "{20AD6C11-81A8-407E-A2DC-7E294E597D9D}"
EndProject
Global
	GlobalSection(SolutionConfigurationPlatforms) = preSolution
		Debug|Any CPU = Debug|Any CPU
		Release|Any CPU = Release|Any CPU
	EndGlobalSection
	GlobalSection(ProjectConfigurationPlatforms) = postSolution
		{B29708D2-471D-4195-8A5F-1B9DA685B867}.Debug|Any CPU.ActiveCfg = Debug|Any CPU
		{B29708D2-471D-4195-8A5F-1B9DA685B867}.Debug|Any CPU.Build.0 = Debug|Any CPU
		{B29708D2-471D-4195-8A5F-1B9DA685B867}.Release|Any CPU.ActiveCfg = Release|Any CPU
		{B29708D2-471D-4195-8A5F-1B9DA685B867}.Release|Any CPU.Build.0 = Release|Any CPU
		{397A21F5-5C97-42EC-AB15-41FADCFF4859}.Debug|Any CPU.ActiveCfg = Debug|Any CPU
		{397A21F5-5C97-42EC-AB15-41FADCFF4859}.Debug|Any CPU.Build.0 = Debug|Any CPU
		{397A21F5-5C97-42EC-AB15-41FADCFF4859}.Release|Any CPU.ActiveCfg = Release|Any CPU
		{397A21F5-5C97-42EC-AB15-41FADCFF4859}.Release|Any CPU.Build.0 = Release|Any CPU
		{E0D03E8A-A4A0-4073-8E8A-BDE5AEDD9EEE}.Debug|Any CPU.ActiveCfg = Debug|Any CPU
		{E0D03E8A-A4A0-4073-8E8A-BDE5AEDD9EEE}.Debug|Any CPU.Build.0 = Debug|Any CPU
		{E0D03E8A-A4A0-4073-8E8A-BDE5AEDD9EEE}.Release|Any CPU.ActiveCfg = Release|Any CPU
		{E0D03E8A-A4A0-4073-8E8A-BDE5AEDD9EEE}.Release|Any CPU.Build.0 = Release|Any CPU
		{D37591BD-0EAB-4523-A063-1D58D14E2A03}.Debug|Any CPU.ActiveCfg = Debug|Any CPU
		{D37591BD-0EAB-4523-A063-1D58D14E2A03}.Debug|Any CPU.Build.0 = Debug|Any CPU
		{D37591BD-0EAB-4523-A063-1D58D14E2A03}.Release|Any CPU.ActiveCfg = Release|Any CPU
		{D37591BD-0EAB-4523-A063-1D58D14E2A03}.Release|Any CPU.Build.0 = Release|Any CPU
		{349B1476-6058-4FD3-AB5C-024BEC5C6E31}.Debug|Any CPU.ActiveCfg = Debug|Any CPU
		{349B1476-6058-4FD3-AB5C-024BEC5C6E31}.Debug|Any CPU.Build.0 = Debug|Any CPU
		{349B1476-6058-4FD3-AB5C-024BEC5C6E31}.Release|Any CPU.ActiveCfg = Release|Any CPU
		{349B1476-6058-4FD3-AB5C-024BEC5C6E31}.Release|Any CPU.Build.0 = Release|Any CPU
		{71B3CDE6-776D-4EA7-8E27-FF922ED2E4A0}.Debug|Any CPU.ActiveCfg = Debug|Any CPU
		{71B3CDE6-776D-4EA7-8E27-FF922ED2E4A0}.Debug|Any CPU.Build.0 = Debug|Any CPU
		{71B3CDE6-776D-4EA7-8E27-FF922ED2E4A0}.Release|Any CPU.ActiveCfg = Release|Any CPU
		{71B3CDE6-776D-4EA7-8E27-FF922ED2E4A0}.Release|Any CPU.Build.0 = Release|Any CPU
		{55D0C07D-9DDF-4C55-B1D2-75A445F1D685}.Debug|Any CPU.ActiveCfg = Debug|Any CPU
		{55D0C07D-9DDF-4C55-B1D2-75A445F1D685}.Debug|Any CPU.Build.0 = Debug|Any CPU
		{55D0C07D-9DDF-4C55-B1D2-75A445F1D685}.Release|Any CPU.ActiveCfg = Release|Any CPU
		{55D0C07D-9DDF-4C55-B1D2-75A445F1D685}.Release|Any CPU.Build.0 = Release|Any CPU
		{393AA4EF-3436-486C-ACE1-5B308ECB7C7C}.Debug|Any CPU.ActiveCfg = Debug|Any CPU
		{393AA4EF-3436-486C-ACE1-5B308ECB7C7C}.Debug|Any CPU.Build.0 = Debug|Any CPU
		{393AA4EF-3436-486C-ACE1-5B308ECB7C7C}.Release|Any CPU.ActiveCfg = Release|Any CPU
		{393AA4EF-3436-486C-ACE1-5B308ECB7C7C}.Release|Any CPU.Build.0 = Release|Any CPU
		{BA9DA09D-F1FC-46B3-BC14-BDD151253A7E}.Debug|Any CPU.ActiveCfg = Debug|Any CPU
		{BA9DA09D-F1FC-46B3-BC14-BDD151253A7E}.Debug|Any CPU.Build.0 = Debug|Any CPU
		{BA9DA09D-F1FC-46B3-BC14-BDD151253A7E}.Release|Any CPU.ActiveCfg = Release|Any CPU
		{BA9DA09D-F1FC-46B3-BC14-BDD151253A7E}.Release|Any CPU.Build.0 = Release|Any CPU
		{13C07D29-9994-4368-B372-9CF744BDD7FA}.Debug|Any CPU.ActiveCfg = Debug|Any CPU
		{13C07D29-9994-4368-B372-9CF744BDD7FA}.Debug|Any CPU.Build.0 = Debug|Any CPU
		{13C07D29-9994-4368-B372-9CF744BDD7FA}.Release|Any CPU.ActiveCfg = Release|Any CPU
		{13C07D29-9994-4368-B372-9CF744BDD7FA}.Release|Any CPU.Build.0 = Release|Any CPU
		{15E3C477-DAA0-4326-A8FA-06EAA7967AA1}.Debug|Any CPU.ActiveCfg = Debug|Any CPU
		{15E3C477-DAA0-4326-A8FA-06EAA7967AA1}.Debug|Any CPU.Build.0 = Debug|Any CPU
		{15E3C477-DAA0-4326-A8FA-06EAA7967AA1}.Release|Any CPU.ActiveCfg = Release|Any CPU
		{15E3C477-DAA0-4326-A8FA-06EAA7967AA1}.Release|Any CPU.Build.0 = Release|Any CPU
		{9D01A635-41AC-4E72-9338-05E4733783EB}.Debug|Any CPU.ActiveCfg = Debug|Any CPU
		{9D01A635-41AC-4E72-9338-05E4733783EB}.Debug|Any CPU.Build.0 = Debug|Any CPU
		{9D01A635-41AC-4E72-9338-05E4733783EB}.Release|Any CPU.ActiveCfg = Release|Any CPU
		{9D01A635-41AC-4E72-9338-05E4733783EB}.Release|Any CPU.Build.0 = Release|Any CPU
		{D5844872-3F30-45FD-9F6E-ABF9AAAAA4AE}.Debug|Any CPU.ActiveCfg = Debug|Any CPU
		{D5844872-3F30-45FD-9F6E-ABF9AAAAA4AE}.Debug|Any CPU.Build.0 = Debug|Any CPU
		{D5844872-3F30-45FD-9F6E-ABF9AAAAA4AE}.Release|Any CPU.ActiveCfg = Release|Any CPU
		{D5844872-3F30-45FD-9F6E-ABF9AAAAA4AE}.Release|Any CPU.Build.0 = Release|Any CPU
		{4FFE5EB3-7A52-4BB5-A05C-6998F05E408A}.Debug|Any CPU.ActiveCfg = Debug|Any CPU
		{4FFE5EB3-7A52-4BB5-A05C-6998F05E408A}.Debug|Any CPU.Build.0 = Debug|Any CPU
		{4FFE5EB3-7A52-4BB5-A05C-6998F05E408A}.Release|Any CPU.ActiveCfg = Release|Any CPU
		{4FFE5EB3-7A52-4BB5-A05C-6998F05E408A}.Release|Any CPU.Build.0 = Release|Any CPU
		{4B79EDCD-FB92-4CCB-AD9B-D714B40E4305}.Debug|Any CPU.ActiveCfg = Debug|Any CPU
		{4B79EDCD-FB92-4CCB-AD9B-D714B40E4305}.Debug|Any CPU.Build.0 = Debug|Any CPU
		{4B79EDCD-FB92-4CCB-AD9B-D714B40E4305}.Release|Any CPU.ActiveCfg = Release|Any CPU
		{4B79EDCD-FB92-4CCB-AD9B-D714B40E4305}.Release|Any CPU.Build.0 = Release|Any CPU
		{BBBCB85B-94CE-457A-9062-27296C3E1BE5}.Debug|Any CPU.ActiveCfg = Debug|Any CPU
		{BBBCB85B-94CE-457A-9062-27296C3E1BE5}.Debug|Any CPU.Build.0 = Debug|Any CPU
		{BBBCB85B-94CE-457A-9062-27296C3E1BE5}.Release|Any CPU.ActiveCfg = Release|Any CPU
		{BBBCB85B-94CE-457A-9062-27296C3E1BE5}.Release|Any CPU.Build.0 = Release|Any CPU
		{C3E28B0E-C65F-46E6-9F98-06D16D1004E3}.Debug|Any CPU.ActiveCfg = Debug|Any CPU
		{C3E28B0E-C65F-46E6-9F98-06D16D1004E3}.Debug|Any CPU.Build.0 = Debug|Any CPU
		{C3E28B0E-C65F-46E6-9F98-06D16D1004E3}.Release|Any CPU.ActiveCfg = Release|Any CPU
		{C3E28B0E-C65F-46E6-9F98-06D16D1004E3}.Release|Any CPU.Build.0 = Release|Any CPU
		{20AD6C11-81A8-407E-A2DC-7E294E597D9D}.Debug|Any CPU.ActiveCfg = Debug|Any CPU
		{20AD6C11-81A8-407E-A2DC-7E294E597D9D}.Debug|Any CPU.Build.0 = Debug|Any CPU
		{20AD6C11-81A8-407E-A2DC-7E294E597D9D}.Release|Any CPU.ActiveCfg = Release|Any CPU
		{20AD6C11-81A8-407E-A2DC-7E294E597D9D}.Release|Any CPU.Build.0 = Release|Any CPU
	EndGlobalSection
	GlobalSection(SolutionProperties) = preSolution
		HideSolutionNode = FALSE
	EndGlobalSection
	GlobalSection(NestedProjects) = preSolution
		{B29708D2-471D-4195-8A5F-1B9DA685B867} = {E2B3A1DE-18B0-4334-9346-6B1A4661648B}
		{397A21F5-5C97-42EC-AB15-41FADCFF4859} = {12D3C1EC-10FF-4AD3-828C-EEDC13F51E11}
		{E0D03E8A-A4A0-4073-8E8A-BDE5AEDD9EEE} = {C8862840-10A5-4EDB-B1F0-17075BAC54FC}
		{D37591BD-0EAB-4523-A063-1D58D14E2A03} = {0C89B3FF-E2D4-4CD8-9CC4-4EF4E1FE94B9}
		{349B1476-6058-4FD3-AB5C-024BEC5C6E31} = {A3C3BEB3-F87D-4608-BF0D-C28C3EE992D5}
		{71B3CDE6-776D-4EA7-8E27-FF922ED2E4A0} = {2F2A55A5-2EEE-4A64-8961-9A51B8ACC0FB}
		{55D0C07D-9DDF-4C55-B1D2-75A445F1D685} = {9CB5E7A0-EF59-4A30-807A-E59ACCE1BCEF}
		{393AA4EF-3436-486C-ACE1-5B308ECB7C7C} = {8192E07B-9A63-4861-B780-5A94E79DBF0A}
		{BA9DA09D-F1FC-46B3-BC14-BDD151253A7E} = {3E401323-40B1-4760-A2CD-8F653396C08F}
		{13C07D29-9994-4368-B372-9CF744BDD7FA} = {6B900ACF-DB6F-4D0F-BE28-2E23A19CF863}
		{649B3F1E-80EC-440B-8820-ACC7F05B015F} = {8D3AD3EB-01D3-4A2C-A07A-FED3D48AAF07}
		{6B900ACF-DB6F-4D0F-BE28-2E23A19CF863} = {8D3AD3EB-01D3-4A2C-A07A-FED3D48AAF07}
		{15E3C477-DAA0-4326-A8FA-06EAA7967AA1} = {649B3F1E-80EC-440B-8820-ACC7F05B015F}
		{C9ACF77A-2ED5-46EF-8FD3-2FD4A233E367} = {8D3AD3EB-01D3-4A2C-A07A-FED3D48AAF07}
		{9D01A635-41AC-4E72-9338-05E4733783EB} = {C9ACF77A-2ED5-46EF-8FD3-2FD4A233E367}
		{D5844872-3F30-45FD-9F6E-ABF9AAAAA4AE} = {CBD1B27E-DEE3-4D18-BD59-70ECFED55622}
	EndGlobalSection
	GlobalSection(ExtensibilityGlobals) = postSolution
		SolutionGuid = {AC53B558-E924-46FC-90DE-0672FDB6C7F5}
	EndGlobalSection
EndGlobal
